
Microsoft Visual Studio Solution File, Format Version 12.00
# Visual Studio Version 16
VisualStudioVersion = 16.0.29306.81
MinimumVisualStudioVersion = 10.0.40219.1
Project("{FAE04EC0-301F-11D3-BF4B-00C04F79EFBC}") = "CalculateCircleAreaApp", "CalculateCircleAreaApp\CalculateCircleAreaApp.csproj", "{06535E07-E49A-4D01-9DB8-553EB245D586}"
EndProject
Global
	GlobalSection(SolutionConfigurationPlatforms) = preSolution
		Debug|Any CPU = Debug|Any CPU
		Release|Any CPU = Release|Any CPU
	EndGlobalSection
	GlobalSection(ProjectConfigurationPlatforms) = postSolution
		{06535E07-E49A-4D01-9DB8-553EB245D586}.Debug|Any CPU.ActiveCfg = Debug|Any CPU
		{06535E07-E49A-4D01-9DB8-553EB245D586}.Debug|Any CPU.Build.0 = Debug|Any CPU
		{06535E07-E49A-4D01-9DB8-553EB245D586}.Release|Any CPU.ActiveCfg = Release|Any CPU
		{06535E07-E49A-4D01-9DB8-553EB245D586}.Release|Any CPU.Build.0 = Release|Any CPU
	EndGlobalSection
	GlobalSection(SolutionProperties) = preSolution
		HideSolutionNode = FALSE
	EndGlobalSection
	GlobalSection(ExtensibilityGlobals) = postSolution
		SolutionGuid = {425DE98F-9DF4-4894-B96B-4CD909F9F917}
	EndGlobalSection
EndGlobal
