
Microsoft Visual Studio Solution File, Format Version 12.00
# Visual Studio Version 16
VisualStudioVersion = 16.0.29209.62
MinimumVisualStudioVersion = 10.0.40219.1
Project("{FAE04EC0-301F-11D3-BF4B-00C04F79EFBC}") = "TestApp", "TestApp\TestApp.csproj", "{2C7D4794-E742-42AA-BA06-A2D692C0ED54}"
EndProject
Global
	GlobalSection(SolutionConfigurationPlatforms) = preSolution
		Debug|Any CPU = Debug|Any CPU
		Release|Any CPU = Release|Any CPU
	EndGlobalSection
	GlobalSection(ProjectConfigurationPlatforms) = postSolution
		{2C7D4794-E742-42AA-BA06-A2D692C0ED54}.Debug|Any CPU.ActiveCfg = Debug|Any CPU
		{2C7D4794-E742-42AA-BA06-A2D692C0ED54}.Debug|Any CPU.Build.0 = Debug|Any CPU
		{2C7D4794-E742-42AA-BA06-A2D692C0ED54}.Release|Any CPU.ActiveCfg = Release|Any CPU
		{2C7D4794-E742-42AA-BA06-A2D692C0ED54}.Release|Any CPU.Build.0 = Release|Any CPU
	EndGlobalSection
	GlobalSection(SolutionProperties) = preSolution
		HideSolutionNode = FALSE
	EndGlobalSection
	GlobalSection(ExtensibilityGlobals) = postSolution
		SolutionGuid = {EC625045-740C-413F-9143-B379D3E04CF0}
	EndGlobalSection
EndGlobal
