
Microsoft Visual Studio Solution File, Format Version 12.00
# Visual Studio Version 16
VisualStudioVersion = 16.0.29306.81
MinimumVisualStudioVersion = 10.0.40219.1
Project("{FAE04EC0-301F-11D3-BF4B-00C04F79EFBC}") = "TheSumNumbersApp", "TheSumAndOddNumbersApp\TheSumNumbersApp.csproj", "{39C9E542-2594-42E8-BCA6-4FBC7733BE6D}"
EndProject
Project("{FAE04EC0-301F-11D3-BF4B-00C04F79EFBC}") = "OddNumbersApp", "OddNumbersApp\OddNumbersApp.csproj", "{31D63783-2954-4515-B061-73087A44D86A}"
EndProject
Global
	GlobalSection(SolutionConfigurationPlatforms) = preSolution
		Debug|Any CPU = Debug|Any CPU
		Release|Any CPU = Release|Any CPU
	EndGlobalSection
	GlobalSection(ProjectConfigurationPlatforms) = postSolution
		{39C9E542-2594-42E8-BCA6-4FBC7733BE6D}.Debug|Any CPU.ActiveCfg = Debug|Any CPU
		{39C9E542-2594-42E8-BCA6-4FBC7733BE6D}.Debug|Any CPU.Build.0 = Debug|Any CPU
		{39C9E542-2594-42E8-BCA6-4FBC7733BE6D}.Release|Any CPU.ActiveCfg = Release|Any CPU
		{39C9E542-2594-42E8-BCA6-4FBC7733BE6D}.Release|Any CPU.Build.0 = Release|Any CPU
		{31D63783-2954-4515-B061-73087A44D86A}.Debug|Any CPU.ActiveCfg = Debug|Any CPU
		{31D63783-2954-4515-B061-73087A44D86A}.Debug|Any CPU.Build.0 = Debug|Any CPU
		{31D63783-2954-4515-B061-73087A44D86A}.Release|Any CPU.ActiveCfg = Release|Any CPU
		{31D63783-2954-4515-B061-73087A44D86A}.Release|Any CPU.Build.0 = Release|Any CPU
	EndGlobalSection
	GlobalSection(SolutionProperties) = preSolution
		HideSolutionNode = FALSE
	EndGlobalSection
	GlobalSection(ExtensibilityGlobals) = postSolution
		SolutionGuid = {76CD8FD8-C85A-45A4-9CAB-AABD9E3DCD11}
	EndGlobalSection
EndGlobal
