
Microsoft Visual Studio Solution File, Format Version 12.00
# Visual Studio Version 16
VisualStudioVersion = 16.0.29209.62
MinimumVisualStudioVersion = 10.0.40219.1
Project("{FAE04EC0-301F-11D3-BF4B-00C04F79EFBC}") = "DefinitionNumbersApp", "DefinitionNumbersApp\DefinitionNumbersApp.csproj", "{90455CC3-D0AF-493D-8AD4-502E21EEC853}"
EndProject
Global
	GlobalSection(SolutionConfigurationPlatforms) = preSolution
		Debug|Any CPU = Debug|Any CPU
		Release|Any CPU = Release|Any CPU
	EndGlobalSection
	GlobalSection(ProjectConfigurationPlatforms) = postSolution
		{90455CC3-D0AF-493D-8AD4-502E21EEC853}.Debug|Any CPU.ActiveCfg = Debug|Any CPU
		{90455CC3-D0AF-493D-8AD4-502E21EEC853}.Debug|Any CPU.Build.0 = Debug|Any CPU
		{90455CC3-D0AF-493D-8AD4-502E21EEC853}.Release|Any CPU.ActiveCfg = Release|Any CPU
		{90455CC3-D0AF-493D-8AD4-502E21EEC853}.Release|Any CPU.Build.0 = Release|Any CPU
	EndGlobalSection
	GlobalSection(SolutionProperties) = preSolution
		HideSolutionNode = FALSE
	EndGlobalSection
	GlobalSection(ExtensibilityGlobals) = postSolution
		SolutionGuid = {35D93C08-F4E4-4C97-B72A-2DB5682B7030}
	EndGlobalSection
EndGlobal
