
Microsoft Visual Studio Solution File, Format Version 12.00
# Visual Studio Version 16
VisualStudioVersion = 16.0.29209.62
MinimumVisualStudioVersion = 10.0.40219.1
Project("{FAE04EC0-301F-11D3-BF4B-00C04F79EFBC}") = "DefinitionNumbersAppBySwitchSolution", "DefinitionNumbersAppBySwitchSolution\DefinitionNumbersAppBySwitchSolution.csproj", "{743F5F28-F68E-43F2-9F6D-CC337E4BE821}"
EndProject
Global
	GlobalSection(SolutionConfigurationPlatforms) = preSolution
		Debug|Any CPU = Debug|Any CPU
		Release|Any CPU = Release|Any CPU
	EndGlobalSection
	GlobalSection(ProjectConfigurationPlatforms) = postSolution
		{743F5F28-F68E-43F2-9F6D-CC337E4BE821}.Debug|Any CPU.ActiveCfg = Debug|Any CPU
		{743F5F28-F68E-43F2-9F6D-CC337E4BE821}.Debug|Any CPU.Build.0 = Debug|Any CPU
		{743F5F28-F68E-43F2-9F6D-CC337E4BE821}.Release|Any CPU.ActiveCfg = Release|Any CPU
		{743F5F28-F68E-43F2-9F6D-CC337E4BE821}.Release|Any CPU.Build.0 = Release|Any CPU
	EndGlobalSection
	GlobalSection(SolutionProperties) = preSolution
		HideSolutionNode = FALSE
	EndGlobalSection
	GlobalSection(ExtensibilityGlobals) = postSolution
		SolutionGuid = {FA794F37-8797-406F-AD65-F4C92D82B1CD}
	EndGlobalSection
EndGlobal
