
Microsoft Visual Studio Solution File, Format Version 12.00
# Visual Studio Version 16
VisualStudioVersion = 16.0.29306.81
MinimumVisualStudioVersion = 10.0.40219.1
Project("{FAE04EC0-301F-11D3-BF4B-00C04F79EFBC}") = "HerringboneApp", "HerringboneApp\HerringboneApp.csproj", "{98760EF2-2CE9-47CC-A994-D9E77D676F0F}"
EndProject
Global
	GlobalSection(SolutionConfigurationPlatforms) = preSolution
		Debug|Any CPU = Debug|Any CPU
		Release|Any CPU = Release|Any CPU
	EndGlobalSection
	GlobalSection(ProjectConfigurationPlatforms) = postSolution
		{98760EF2-2CE9-47CC-A994-D9E77D676F0F}.Debug|Any CPU.ActiveCfg = Debug|Any CPU
		{98760EF2-2CE9-47CC-A994-D9E77D676F0F}.Debug|Any CPU.Build.0 = Debug|Any CPU
		{98760EF2-2CE9-47CC-A994-D9E77D676F0F}.Release|Any CPU.ActiveCfg = Release|Any CPU
		{98760EF2-2CE9-47CC-A994-D9E77D676F0F}.Release|Any CPU.Build.0 = Release|Any CPU
	EndGlobalSection
	GlobalSection(SolutionProperties) = preSolution
		HideSolutionNode = FALSE
	EndGlobalSection
	GlobalSection(ExtensibilityGlobals) = postSolution
		SolutionGuid = {DA9038A5-0362-4AA2-B6A0-0F928B924D59}
	EndGlobalSection
EndGlobal
